
Microsoft Visual Studio Solution File, Format Version 12.00
# Visual Studio Version 16
VisualStudioVersion = 16.0.29519.87
MinimumVisualStudioVersion = 10.0.40219.1
Project("{FAE04EC0-301F-11D3-BF4B-00C04F79EFBC}") = "QuickbookIntegration", "QuickbookIntegration\QuickbookIntegration.csproj", "{46119960-F33E-4F9F-80CB-DD3E6EAF8833}"
EndProject
Global
	GlobalSection(SolutionConfigurationPlatforms) = preSolution
		Debug|Any CPU = Debug|Any CPU
		Release|Any CPU = Release|Any CPU
	EndGlobalSection
	GlobalSection(ProjectConfigurationPlatforms) = postSolution
		{46119960-F33E-4F9F-80CB-DD3E6EAF8833}.Debug|Any CPU.ActiveCfg = Debug|Any CPU
		{46119960-F33E-4F9F-80CB-DD3E6EAF8833}.Debug|Any CPU.Build.0 = Debug|Any CPU
		{46119960-F33E-4F9F-80CB-DD3E6EAF8833}.Release|Any CPU.ActiveCfg = Release|Any CPU
		{46119960-F33E-4F9F-80CB-DD3E6EAF8833}.Release|Any CPU.Build.0 = Release|Any CPU
	EndGlobalSection
	GlobalSection(SolutionProperties) = preSolution
		HideSolutionNode = FALSE
	EndGlobalSection
	GlobalSection(ExtensibilityGlobals) = postSolution
		SolutionGuid = {37BF934D-F3A6-4CE3-8AF3-ECCAA1C72478}
	EndGlobalSection
EndGlobal
